
Microsoft Visual Studio Solution File, Format Version 12.00
# Visual Studio Version 17
VisualStudioVersion = 17.13.35825.156 d17.13
MinimumVisualStudioVersion = 10.0.40219.1
Project("{FAE04EC0-301F-11D3-BF4B-00C04F79EFBC}") = "MyApp.API", "MyApp.API\MyApp.API.csproj", "{E1BE274E-5BBC-4022-ADDD-80C1E3299E07}"
EndProject
Project("{FAE04EC0-301F-11D3-BF4B-00C04F79EFBC}") = "MyApp.Application", "MyApp.Application\MyApp.Application.csproj", "{8BE50A1B-E869-489C-A370-27720F215296}"
EndProject
Project("{FAE04EC0-301F-11D3-BF4B-00C04F79EFBC}") = "MyApp.Core", "MyApp.Domain\MyApp.Core.csproj", "{18800CD1-7130-4EB3-BF98-71E8958E8D8C}"
EndProject
Project("{FAE04EC0-301F-11D3-BF4B-00C04F79EFBC}") = "MyApp.Infracture", "MyApp.Infracture\MyApp.Infracture.csproj", "{BACBB376-5B65-44EE-B951-0CE3DE7C04A6}"
EndProject
Global
	GlobalSection(SolutionConfigurationPlatforms) = preSolution
		Debug|Any CPU = Debug|Any CPU
		Release|Any CPU = Release|Any CPU
	EndGlobalSection
	GlobalSection(ProjectConfigurationPlatforms) = postSolution
		{E1BE274E-5BBC-4022-ADDD-80C1E3299E07}.Debug|Any CPU.ActiveCfg = Debug|Any CPU
		{E1BE274E-5BBC-4022-ADDD-80C1E3299E07}.Debug|Any CPU.Build.0 = Debug|Any CPU
		{E1BE274E-5BBC-4022-ADDD-80C1E3299E07}.Release|Any CPU.ActiveCfg = Release|Any CPU
		{E1BE274E-5BBC-4022-ADDD-80C1E3299E07}.Release|Any CPU.Build.0 = Release|Any CPU
		{8BE50A1B-E869-489C-A370-27720F215296}.Debug|Any CPU.ActiveCfg = Debug|Any CPU
		{8BE50A1B-E869-489C-A370-27720F215296}.Debug|Any CPU.Build.0 = Debug|Any CPU
		{8BE50A1B-E869-489C-A370-27720F215296}.Release|Any CPU.ActiveCfg = Release|Any CPU
		{8BE50A1B-E869-489C-A370-27720F215296}.Release|Any CPU.Build.0 = Release|Any CPU
		{18800CD1-7130-4EB3-BF98-71E8958E8D8C}.Debug|Any CPU.ActiveCfg = Debug|Any CPU
		{18800CD1-7130-4EB3-BF98-71E8958E8D8C}.Debug|Any CPU.Build.0 = Debug|Any CPU
		{18800CD1-7130-4EB3-BF98-71E8958E8D8C}.Release|Any CPU.ActiveCfg = Release|Any CPU
		{18800CD1-7130-4EB3-BF98-71E8958E8D8C}.Release|Any CPU.Build.0 = Release|Any CPU
		{BACBB376-5B65-44EE-B951-0CE3DE7C04A6}.Debug|Any CPU.ActiveCfg = Debug|Any CPU
		{BACBB376-5B65-44EE-B951-0CE3DE7C04A6}.Debug|Any CPU.Build.0 = Debug|Any CPU
		{BACBB376-5B65-44EE-B951-0CE3DE7C04A6}.Release|Any CPU.ActiveCfg = Release|Any CPU
		{BACBB376-5B65-44EE-B951-0CE3DE7C04A6}.Release|Any CPU.Build.0 = Release|Any CPU
	EndGlobalSection
	GlobalSection(SolutionProperties) = preSolution
		HideSolutionNode = FALSE
	EndGlobalSection
	GlobalSection(ExtensibilityGlobals) = postSolution
		SolutionGuid = {B4DEE415-FD4C-4944-A7D6-E0566C2547D6}
	EndGlobalSection
EndGlobal
